
Microsoft Visual Studio Solution File, Format Version 12.00
# Visual Studio Version 16
VisualStudioVersion = 16.0.31205.134
MinimumVisualStudioVersion = 10.0.40219.1
Project("{8BC9CEB8-8B4A-11D0-8D11-00A0C91BC942}") = "resection", "resection\resection.vcxproj", "{FF1995AA-18C0-4172-B260-66B403FB5513}"
EndProject
Global
	GlobalSection(SolutionConfigurationPlatforms) = preSolution
		Debug|x64 = Debug|x64
		Debug|x86 = Debug|x86
		Release|x64 = Release|x64
		Release|x86 = Release|x86
	EndGlobalSection
	GlobalSection(ProjectConfigurationPlatforms) = postSolution
		{FF1995AA-18C0-4172-B260-66B403FB5513}.Debug|x64.ActiveCfg = Debug|x64
		{FF1995AA-18C0-4172-B260-66B403FB5513}.Debug|x64.Build.0 = Debug|x64
		{FF1995AA-18C0-4172-B260-66B403FB5513}.Debug|x86.ActiveCfg = Debug|Win32
		{FF1995AA-18C0-4172-B260-66B403FB5513}.Debug|x86.Build.0 = Debug|Win32
		{FF1995AA-18C0-4172-B260-66B403FB5513}.Release|x64.ActiveCfg = Release|x64
		{FF1995AA-18C0-4172-B260-66B403FB5513}.Release|x64.Build.0 = Release|x64
		{FF1995AA-18C0-4172-B260-66B403FB5513}.Release|x86.ActiveCfg = Release|Win32
		{FF1995AA-18C0-4172-B260-66B403FB5513}.Release|x86.Build.0 = Release|Win32
	EndGlobalSection
	GlobalSection(SolutionProperties) = preSolution
		HideSolutionNode = FALSE
	EndGlobalSection
	GlobalSection(ExtensibilityGlobals) = postSolution
		SolutionGuid = {CB007490-60A0-4DE0-B252-9C5785F6104E}
	EndGlobalSection
EndGlobal
